
Microsoft Visual Studio Solution File, Format Version 12.00
# Visual Studio 15
VisualStudioVersion = 15.0.28010.2016
MinimumVisualStudioVersion = 10.0.40219.1
Project("{FAE04EC0-301F-11D3-BF4B-00C04F79EFBC}") = "ZW-Blog", "ZW-Blog\ZW-Blog.csproj", "{C84AB157-AA95-4E5A-8638-3FFBFA7590AD}"
EndProject
Global
	GlobalSection(SolutionConfigurationPlatforms) = preSolution
		Debug|Any CPU = Debug|Any CPU
		Release|Any CPU = Release|Any CPU
	EndGlobalSection
	GlobalSection(ProjectConfigurationPlatforms) = postSolution
		{C84AB157-AA95-4E5A-8638-3FFBFA7590AD}.Debug|Any CPU.ActiveCfg = Debug|Any CPU
		{C84AB157-AA95-4E5A-8638-3FFBFA7590AD}.Debug|Any CPU.Build.0 = Debug|Any CPU
		{C84AB157-AA95-4E5A-8638-3FFBFA7590AD}.Release|Any CPU.ActiveCfg = Release|Any CPU
		{C84AB157-AA95-4E5A-8638-3FFBFA7590AD}.Release|Any CPU.Build.0 = Release|Any CPU
	EndGlobalSection
	GlobalSection(SolutionProperties) = preSolution
		HideSolutionNode = FALSE
	EndGlobalSection
	GlobalSection(ExtensibilityGlobals) = postSolution
		SolutionGuid = {81DE2732-B253-49C1-9528-05556BAB44C2}
	EndGlobalSection
EndGlobal
